{
  "version": "5",
  "redirects": {
    "https://esm.sh/@supabase/supabase-js@2": "https://esm.sh/@supabase/supabase-js@2.110.3"
  },
  "remote": {
    "https://deno.land/std@0.168.0/async/abortable.ts": "80b2ac399f142cc528f95a037a7d0e653296352d95c681e284533765961de409",
    "https://deno.land/std@0.168.0/async/deadline.ts": "2c2deb53c7c28ca1dda7a3ad81e70508b1ebc25db52559de6b8636c9278fd41f",
    "https://deno.land/std@0.168.0/async/debounce.ts": "60301ffb37e730cd2d6f9dadfd0ecb2a38857681bd7aaf6b0a106b06e5210a98",
    "https://deno.land/std@0.168.0/async/deferred.ts": "77d3f84255c3627f1cc88699d8472b664d7635990d5358c4351623e098e917d6",
    "https://deno.land/std@0.168.0/async/delay.ts": "5a9bfba8de38840308a7a33786a0155a7f6c1f7a859558ddcec5fe06e16daf57",
    "https://deno.land/std@0.168.0/async/mod.ts": "7809ad4bb223e40f5fdc043e5c7ca04e0e25eed35c32c3c32e28697c553fa6d9",
    "https://deno.land/std@0.168.0/async/mux_async_iterator.ts": "770a0ff26c59f8bbbda6b703a2235f04e379f73238e8d66a087edc68c2a2c35f",
    "https://deno.land/std@0.168.0/async/pool.ts": "6854d8cd675a74c73391c82005cbbe4cc58183bddcd1fbbd7c2bcda42b61cf69",
    "https://deno.land/std@0.168.0/async/retry.ts": "e8e5173623915bbc0ddc537698fa418cf875456c347eda1ed453528645b42e67",
    "https://deno.land/std@0.168.0/async/tee.ts": "3a47cc4e9a940904fd4341f0224907e199121c80b831faa5ec2b054c6d2eff5e",
    "https://deno.land/std@0.168.0/http/server.ts": "e99c1bee8a3f6571ee4cdeb2966efad465b8f6fe62bec1bdb59c1f007cc4d155",
    "https://esm.sh/@supabase/supabase-js@2.110.3": "3d98c7276d7a5937f1562973e97ce458f8daaa38e2b63a084820702e53c1a358",
    "https://esm.sh/@supabase/supabase-js@2.45.0": "36ae57c3f2dc3f94fd122a846b40a87114d29bb2f47e910cb46bee5575febf2e"
  },
  "workspace": {
    "packageJson": {
      "dependencies": [
        "npm:@anthropic-ai/sdk@~0.91.1",
        "npm:@playwright/test@^1.59.1",
        "npm:@sentry/nextjs@^10.51.0",
        "npm:@supabase/ssr@~0.5.2",
        "npm:@supabase/supabase-js@^2.49.4",
        "npm:@tabler/icons-react@^3.27.0",
        "npm:@types/file-saver@^2.0.7",
        "npm:@types/node@20",
        "npm:@types/nodemailer@8",
        "npm:@types/pdf-parse@^1.1.4",
        "npm:@types/react-dom@18",
        "npm:@types/react@18",
        "npm:autoprefixer@^10.5.0",
        "npm:docx@^9.5.1",
        "npm:file-saver@^2.0.5",
        "npm:imapflow@^1.0.171",
        "npm:jspdf@^4.2.1",
        "npm:langfuse@^3.38.20",
        "npm:mammoth@^1.8.0",
        "npm:next@15.5.18",
        "npm:nodemailer@^9.0.1",
        "npm:pdf-parse@^1.1.1",
        "npm:postcss@^8.5.12",
        "npm:react-dom@^18.3.1",
        "npm:react@^18.3.1",
        "npm:stripe@^22.1.1",
        "npm:tailwindcss@^3.4.19",
        "npm:typescript@5",
        "npm:vitest@^4.1.5",
        "npm:word-extractor@^1.0.4",
        "npm:zod@^3.23.8"
      ],
      "overrides": {
        "glob": ">=10.4.6"
      }
    }
  }
}
